
Microsoft Visual Studio Solution File, Format Version 12.00
# Visual Studio Version 16
VisualStudioVersion = 16.0.30804.86
MinimumVisualStudioVersion = 10.0.40219.1
Project("{FAE04EC0-301F-11D3-BF4B-00C04F79EFBC}") = "DevOpsAssignment", "DevOpsAssignment\DevOpsAssignment.csproj", "{F86BEA27-9534-4C10-B644-B2742D6090F3}"
EndProject
Global
	GlobalSection(SolutionConfigurationPlatforms) = preSolution
		Debug|Any CPU = Debug|Any CPU
		Release|Any CPU = Release|Any CPU
	EndGlobalSection
	GlobalSection(ProjectConfigurationPlatforms) = postSolution
		{F86BEA27-9534-4C10-B644-B2742D6090F3}.Debug|Any CPU.ActiveCfg = Debug|Any CPU
		{F86BEA27-9534-4C10-B644-B2742D6090F3}.Debug|Any CPU.Build.0 = Debug|Any CPU
		{F86BEA27-9534-4C10-B644-B2742D6090F3}.Release|Any CPU.ActiveCfg = Release|Any CPU
		{F86BEA27-9534-4C10-B644-B2742D6090F3}.Release|Any CPU.Build.0 = Release|Any CPU
	EndGlobalSection
	GlobalSection(SolutionProperties) = preSolution
		HideSolutionNode = FALSE
	EndGlobalSection
	GlobalSection(ExtensibilityGlobals) = postSolution
		SolutionGuid = {C76B40BE-6808-40D7-82B8-74884B90E9EE}
	EndGlobalSection
EndGlobal
